
Microsoft Visual Studio Solution File, Format Version 12.00
# Visual Studio Version 17
VisualStudioVersion = 17.9.34622.214
MinimumVisualStudioVersion = 10.0.40219.1
Project("{9A19103F-16F7-4668-BE54-9A1E7A4F7556}") = "BulkyBookWeb", "BulkyWeb\BulkyBookWeb.csproj", "{4207363B-FD98-4288-916B-B685BBC449CA}"
EndProject
Project("{9A19103F-16F7-4668-BE54-9A1E7A4F7556}") = "BulkyBook.DataAccess", "Bulky.DataAccess\BulkyBook.DataAccess.csproj", "{309BA512-EDA1-494D-9693-A5916F4F2EC1}"
EndProject
Project("{9A19103F-16F7-4668-BE54-9A1E7A4F7556}") = "BulkyBook.Models", "Bulky.Models\BulkyBook.Models.csproj", "{DF5B3F59-5381-47F0-9087-108418C5DAC7}"
EndProject
Project("{9A19103F-16F7-4668-BE54-9A1E7A4F7556}") = "BulkyBook.Utility", "Bulky.Utility\BulkyBook.Utility.csproj", "{8108DD10-7E7E-4A00-97E3-36B86970443F}"
EndProject
Global
	GlobalSection(SolutionConfigurationPlatforms) = preSolution
		Debug|Any CPU = Debug|Any CPU
		Release|Any CPU = Release|Any CPU
	EndGlobalSection
	GlobalSection(ProjectConfigurationPlatforms) = postSolution
		{4207363B-FD98-4288-916B-B685BBC449CA}.Debug|Any CPU.ActiveCfg = Debug|Any CPU
		{4207363B-FD98-4288-916B-B685BBC449CA}.Debug|Any CPU.Build.0 = Debug|Any CPU
		{4207363B-FD98-4288-916B-B685BBC449CA}.Release|Any CPU.ActiveCfg = Release|Any CPU
		{4207363B-FD98-4288-916B-B685BBC449CA}.Release|Any CPU.Build.0 = Release|Any CPU
		{309BA512-EDA1-494D-9693-A5916F4F2EC1}.Debug|Any CPU.ActiveCfg = Debug|Any CPU
		{309BA512-EDA1-494D-9693-A5916F4F2EC1}.Debug|Any CPU.Build.0 = Debug|Any CPU
		{309BA512-EDA1-494D-9693-A5916F4F2EC1}.Release|Any CPU.ActiveCfg = Release|Any CPU
		{309BA512-EDA1-494D-9693-A5916F4F2EC1}.Release|Any CPU.Build.0 = Release|Any CPU
		{DF5B3F59-5381-47F0-9087-108418C5DAC7}.Debug|Any CPU.ActiveCfg = Debug|Any CPU
		{DF5B3F59-5381-47F0-9087-108418C5DAC7}.Debug|Any CPU.Build.0 = Debug|Any CPU
		{DF5B3F59-5381-47F0-9087-108418C5DAC7}.Release|Any CPU.ActiveCfg = Release|Any CPU
		{DF5B3F59-5381-47F0-9087-108418C5DAC7}.Release|Any CPU.Build.0 = Release|Any CPU
		{8108DD10-7E7E-4A00-97E3-36B86970443F}.Debug|Any CPU.ActiveCfg = Debug|Any CPU
		{8108DD10-7E7E-4A00-97E3-36B86970443F}.Debug|Any CPU.Build.0 = Debug|Any CPU
		{8108DD10-7E7E-4A00-97E3-36B86970443F}.Release|Any CPU.ActiveCfg = Release|Any CPU
		{8108DD10-7E7E-4A00-97E3-36B86970443F}.Release|Any CPU.Build.0 = Release|Any CPU
	EndGlobalSection
	GlobalSection(SolutionProperties) = preSolution
		HideSolutionNode = FALSE
	EndGlobalSection
	GlobalSection(ExtensibilityGlobals) = postSolution
		SolutionGuid = {F2299A79-7FF5-45A5-8333-B1CC54AF1CEE}
	EndGlobalSection
EndGlobal
